// !$*UTF8*$!
{
	archiveVersion = 1;
	classes = {
	};
	objectVersion = 46;
	objects = {

/* Begin PBXBuildFile section */
		042A4A711D114DC8002697D3 /* Utils.swift in Sources */ = {isa = PBXBuildFile; fileRef = 042A4A701D114DC8002697D3 /* Utils.swift */; };
		042A4A751D12532E002697D3 /* PersonTableViewCell.swift in Sources */ = {isa = PBXBuildFile; fileRef = 042A4A741D12532E002697D3 /* PersonTableViewCell.swift */; };
		04419ABA1CE065E0002BAFC2 /* IncomingCallViewController.swift in Sources */ = {isa = PBXBuildFile; fileRef = 04419AB91CE065E0002BAFC2 /* IncomingCallViewController.swift */; };
		0471A2561CDB429B00C6647E /* HomeTableTableViewController.swift in Sources */ = {isa = PBXBuildFile; fileRef = 0471A2551CDB429B00C6647E /* HomeTableTableViewController.swift */; };
		0471A2581CDC438300C6647E /* SparkLoginViewController.swift in Sources */ = {isa = PBXBuildFile; fileRef = 0471A2571CDC438300C6647E /* SparkLoginViewController.swift */; };
		0471A25A1CDC5ECD00C6647E /* VideoCallViewController.swift in Sources */ = {isa = PBXBuildFile; fileRef = 0471A2591CDC5ECD00C6647E /* VideoCallViewController.swift */; };
		0471A25C1CDC655200C6647E /* InitiateCallViewController.swift in Sources */ = {isa = PBXBuildFile; fileRef = 0471A25B1CDC655200C6647E /* InitiateCallViewController.swift */; };
		0471A25E1CDC6BF600C6647E /* CallToastViewController.swift in Sources */ = {isa = PBXBuildFile; fileRef = 0471A25D1CDC6BF600C6647E /* CallToastViewController.swift */; };
		0476F5651CEEB69400889801 /* AppFeedbackTableViewController.swift in Sources */ = {isa = PBXBuildFile; fileRef = 0476F5641CEEB69400889801 /* AppFeedbackTableViewController.swift */; };
		048969351CDB34AB008966FA /* VideoAudioSetupViewController.swift in Sources */ = {isa = PBXBuildFile; fileRef = 048969341CDB34AB008966FA /* VideoAudioSetupViewController.swift */; };
		04AE18261CDAD3D800A8F078 /* AppDelegate.swift in Sources */ = {isa = PBXBuildFile; fileRef = 04AE18251CDAD3D800A8F078 /* AppDelegate.swift */; };
		04AE18281CDAD3D800A8F078 /* StartViewController.swift in Sources */ = {isa = PBXBuildFile; fileRef = 04AE18271CDAD3D800A8F078 /* StartViewController.swift */; };
		04AE182B1CDAD3D800A8F078 /* Main.storyboard in Resources */ = {isa = PBXBuildFile; fileRef = 04AE18291CDAD3D800A8F078 /* Main.storyboard */; };
		04AE182D1CDAD3D800A8F078 /* Assets.xcassets in Resources */ = {isa = PBXBuildFile; fileRef = 04AE182C1CDAD3D800A8F078 /* Assets.xcassets */; };
		04AE18301CDAD3D800A8F078 /* LaunchScreen.storyboard in Resources */ = {isa = PBXBuildFile; fileRef = 04AE182E1CDAD3D800A8F078 /* LaunchScreen.storyboard */; };
		04D9882A1CEDAEBF00C18422 /* CallFeedbackViewController.swift in Sources */ = {isa = PBXBuildFile; fileRef = 04D988291CEDAEBF00C18422 /* CallFeedbackViewController.swift */; };
		12A1611E1DA4EFA48208E5D8 /* Pods_KitchenSink.framework in Frameworks */ = {isa = PBXBuildFile; fileRef = A779AB3A31B809D134C73D0C /* Pods_KitchenSink.framework */; };
		3D8194C41D1A73B200D4D4E3 /* IncomingCallDelegate.swift in Sources */ = {isa = PBXBuildFile; fileRef = 3D8194C31D1A73B200D4D4E3 /* IncomingCallDelegate.swift */; };
		5A82441E1DF9E5F900481A55 /* JWTLoginViewController.swift in Sources */ = {isa = PBXBuildFile; fileRef = 5A82441D1DF9E5F900481A55 /* JWTLoginViewController.swift */; };
		5D40D3631D17A48C00558921 /* VideoAudioSetup.swift in Sources */ = {isa = PBXBuildFile; fileRef = 5D40D3621D17A48C00558921 /* VideoAudioSetup.swift */; };
		C718557E1E8A4AED00ABF181 /* UIKitExtension.swift in Sources */ = {isa = PBXBuildFile; fileRef = C718557D1E8A4AED00ABF181 /* UIKitExtension.swift */; };
		C79C450C1E79014A004EF22F /* SparkContext.swift in Sources */ = {isa = PBXBuildFile; fileRef = C79C450B1E79014A004EF22F /* SparkContext.swift */; };
		C79C450E1E80CE20004EF22F /* BaseViewController.swift in Sources */ = {isa = PBXBuildFile; fileRef = C79C450D1E80CE20004EF22F /* BaseViewController.swift */; };
/* End PBXBuildFile section */

/* Begin PBXFileReference section */
		042A4A701D114DC8002697D3 /* Utils.swift */ = {isa = PBXFileReference; fileEncoding = 4; lastKnownFileType = sourcecode.swift; path = Utils.swift; sourceTree = "<group>"; };
		042A4A741D12532E002697D3 /* PersonTableViewCell.swift */ = {isa = PBXFileReference; fileEncoding = 4; lastKnownFileType = sourcecode.swift; path = PersonTableViewCell.swift; sourceTree = "<group>"; };
		04419AB91CE065E0002BAFC2 /* IncomingCallViewController.swift */ = {isa = PBXFileReference; fileEncoding = 4; lastKnownFileType = sourcecode.swift; path = IncomingCallViewController.swift; sourceTree = "<group>"; };
		0471A2551CDB429B00C6647E /* HomeTableTableViewController.swift */ = {isa = PBXFileReference; fileEncoding = 4; lastKnownFileType = sourcecode.swift; path = HomeTableTableViewController.swift; sourceTree = "<group>"; };
		0471A2571CDC438300C6647E /* SparkLoginViewController.swift */ = {isa = PBXFileReference; fileEncoding = 4; lastKnownFileType = sourcecode.swift; path = SparkLoginViewController.swift; sourceTree = "<group>"; };
		0471A2591CDC5ECD00C6647E /* VideoCallViewController.swift */ = {isa = PBXFileReference; fileEncoding = 4; lastKnownFileType = sourcecode.swift; path = VideoCallViewController.swift; sourceTree = "<group>"; };
		0471A25B1CDC655200C6647E /* InitiateCallViewController.swift */ = {isa = PBXFileReference; fileEncoding = 4; lastKnownFileType = sourcecode.swift; path = InitiateCallViewController.swift; sourceTree = "<group>"; };
		0471A25D1CDC6BF600C6647E /* CallToastViewController.swift */ = {isa = PBXFileReference; fileEncoding = 4; lastKnownFileType = sourcecode.swift; path = CallToastViewController.swift; sourceTree = "<group>"; };
		0476F5641CEEB69400889801 /* AppFeedbackTableViewController.swift */ = {isa = PBXFileReference; fileEncoding = 4; lastKnownFileType = sourcecode.swift; path = AppFeedbackTableViewController.swift; sourceTree = "<group>"; };
		048969341CDB34AB008966FA /* VideoAudioSetupViewController.swift */ = {isa = PBXFileReference; fileEncoding = 4; lastKnownFileType = sourcecode.swift; path = VideoAudioSetupViewController.swift; sourceTree = "<group>"; };
		04AE18221CDAD3D800A8F078 /* KitchenSink.app */ = {isa = PBXFileReference; explicitFileType = wrapper.application; includeInIndex = 0; path = KitchenSink.app; sourceTree = BUILT_PRODUCTS_DIR; };
		04AE18251CDAD3D800A8F078 /* AppDelegate.swift */ = {isa = PBXFileReference; lastKnownFileType = sourcecode.swift; path = AppDelegate.swift; sourceTree = "<group>"; };
		04AE18271CDAD3D800A8F078 /* StartViewController.swift */ = {isa = PBXFileReference; lastKnownFileType = sourcecode.swift; path = StartViewController.swift; sourceTree = "<group>"; };
		04AE182A1CDAD3D800A8F078 /* Base */ = {isa = PBXFileReference; lastKnownFileType = file.storyboard; name = Base; path = Base.lproj/Main.storyboard; sourceTree = "<group>"; };
		04AE182C1CDAD3D800A8F078 /* Assets.xcassets */ = {isa = PBXFileReference; lastKnownFileType = folder.assetcatalog; path = Assets.xcassets; sourceTree = "<group>"; };
		04AE182F1CDAD3D800A8F078 /* Base */ = {isa = PBXFileReference; lastKnownFileType = file.storyboard; name = Base; path = Base.lproj/LaunchScreen.storyboard; sourceTree = "<group>"; };
		04AE18311CDAD3D800A8F078 /* Info.plist */ = {isa = PBXFileReference; lastKnownFileType = text.plist.xml; path = Info.plist; sourceTree = "<group>"; };
		04D988291CEDAEBF00C18422 /* CallFeedbackViewController.swift */ = {isa = PBXFileReference; fileEncoding = 4; lastKnownFileType = sourcecode.swift; path = CallFeedbackViewController.swift; sourceTree = "<group>"; };
		277E22BA829A2166B4679129 /* Pods.release.xcconfig */ = {isa = PBXFileReference; includeInIndex = 1; lastKnownFileType = text.xcconfig; name = Pods.release.xcconfig; path = "Pods/Target Support Files/Pods/Pods.release.xcconfig"; sourceTree = "<group>"; };
		3D8194C31D1A73B200D4D4E3 /* IncomingCallDelegate.swift */ = {isa = PBXFileReference; fileEncoding = 4; lastKnownFileType = sourcecode.swift; path = IncomingCallDelegate.swift; sourceTree = "<group>"; };
		5A82441D1DF9E5F900481A55 /* JWTLoginViewController.swift */ = {isa = PBXFileReference; fileEncoding = 4; lastKnownFileType = sourcecode.swift; path = JWTLoginViewController.swift; sourceTree = "<group>"; };
		5D40D3621D17A48C00558921 /* VideoAudioSetup.swift */ = {isa = PBXFileReference; fileEncoding = 4; lastKnownFileType = sourcecode.swift; path = VideoAudioSetup.swift; sourceTree = "<group>"; };
		64CD6C6BBEEF5EBA5E4702E7 /* Pods-KitchenSink.debug.xcconfig */ = {isa = PBXFileReference; includeInIndex = 1; lastKnownFileType = text.xcconfig; name = "Pods-KitchenSink.debug.xcconfig"; path = "Pods/Target Support Files/Pods-KitchenSink/Pods-KitchenSink.debug.xcconfig"; sourceTree = "<group>"; };
		657C43FB45F7E9767BC98E93 /* Pods.debug.xcconfig */ = {isa = PBXFileReference; includeInIndex = 1; lastKnownFileType = text.xcconfig; name = Pods.debug.xcconfig; path = "Pods/Target Support Files/Pods/Pods.debug.xcconfig"; sourceTree = "<group>"; };
		87B55BD44833FEC88DC1F273 /* Pods.framework */ = {isa = PBXFileReference; explicitFileType = wrapper.framework; includeInIndex = 0; path = Pods.framework; sourceTree = BUILT_PRODUCTS_DIR; };
		A779AB3A31B809D134C73D0C /* Pods_KitchenSink.framework */ = {isa = PBXFileReference; explicitFileType = wrapper.framework; includeInIndex = 0; path = Pods_KitchenSink.framework; sourceTree = BUILT_PRODUCTS_DIR; };
		C718557D1E8A4AED00ABF181 /* UIKitExtension.swift */ = {isa = PBXFileReference; fileEncoding = 4; lastKnownFileType = sourcecode.swift; path = UIKitExtension.swift; sourceTree = "<group>"; };
		C79C450B1E79014A004EF22F /* SparkContext.swift */ = {isa = PBXFileReference; fileEncoding = 4; lastKnownFileType = sourcecode.swift; path = SparkContext.swift; sourceTree = "<group>"; };
		C79C450D1E80CE20004EF22F /* BaseViewController.swift */ = {isa = PBXFileReference; fileEncoding = 4; lastKnownFileType = sourcecode.swift; path = BaseViewController.swift; sourceTree = "<group>"; };
		D10621478BD9E68749DD77A3 /* Pods-KitchenSink.release.xcconfig */ = {isa = PBXFileReference; includeInIndex = 1; lastKnownFileType = text.xcconfig; name = "Pods-KitchenSink.release.xcconfig"; path = "Pods/Target Support Files/Pods-KitchenSink/Pods-KitchenSink.release.xcconfig"; sourceTree = "<group>"; };
/* End PBXFileReference section */

/* Begin PBXFrameworksBuildPhase section */
		04AE181F1CDAD3D800A8F078 /* Frameworks */ = {
			isa = PBXFrameworksBuildPhase;
			buildActionMask = 2147483647;
			files = (
				12A1611E1DA4EFA48208E5D8 /* Pods_KitchenSink.framework in Frameworks */,
			);
			runOnlyForDeploymentPostprocessing = 0;
		};
/* End PBXFrameworksBuildPhase section */

/* Begin PBXGroup section */
		04AE18191CDAD3D800A8F078 = {
			isa = PBXGroup;
			children = (
				04AE18241CDAD3D800A8F078 /* KitchenSink */,
				04AE18231CDAD3D800A8F078 /* Products */,
				54914B81CE99B6BC8363D655 /* Pods */,
				A9158AFF5A79BE6326DB8A14 /* Frameworks */,
			);
			sourceTree = "<group>";
		};
		04AE18231CDAD3D800A8F078 /* Products */ = {
			isa = PBXGroup;
			children = (
				04AE18221CDAD3D800A8F078 /* KitchenSink.app */,
			);
			name = Products;
			sourceTree = "<group>";
		};
		04AE18241CDAD3D800A8F078 /* KitchenSink */ = {
			isa = PBXGroup;
			children = (
				C79C450B1E79014A004EF22F /* SparkContext.swift */,
				04AE182C1CDAD3D800A8F078 /* Assets.xcassets */,
				04AE18311CDAD3D800A8F078 /* Info.plist */,
				04AE182E1CDAD3D800A8F078 /* LaunchScreen.storyboard */,
				04AE18291CDAD3D800A8F078 /* Main.storyboard */,
				04AE18251CDAD3D800A8F078 /* AppDelegate.swift */,
				0476F5641CEEB69400889801 /* AppFeedbackTableViewController.swift */,
				04D988291CEDAEBF00C18422 /* CallFeedbackViewController.swift */,
				0471A25D1CDC6BF600C6647E /* CallToastViewController.swift */,
				0471A2551CDB429B00C6647E /* HomeTableTableViewController.swift */,
				04419AB91CE065E0002BAFC2 /* IncomingCallViewController.swift */,
				3D8194C31D1A73B200D4D4E3 /* IncomingCallDelegate.swift */,
				0471A25B1CDC655200C6647E /* InitiateCallViewController.swift */,
				042A4A741D12532E002697D3 /* PersonTableViewCell.swift */,
				0471A2571CDC438300C6647E /* SparkLoginViewController.swift */,
				5A82441D1DF9E5F900481A55 /* JWTLoginViewController.swift */,
				04AE18271CDAD3D800A8F078 /* StartViewController.swift */,
				042A4A701D114DC8002697D3 /* Utils.swift */,
				5D40D3621D17A48C00558921 /* VideoAudioSetup.swift */,
				048969341CDB34AB008966FA /* VideoAudioSetupViewController.swift */,
				0471A2591CDC5ECD00C6647E /* VideoCallViewController.swift */,
				C79C450D1E80CE20004EF22F /* BaseViewController.swift */,
				C718557D1E8A4AED00ABF181 /* UIKitExtension.swift */,
			);
			path = KitchenSink;
			sourceTree = "<group>";
		};
		54914B81CE99B6BC8363D655 /* Pods */ = {
			isa = PBXGroup;
			children = (
				657C43FB45F7E9767BC98E93 /* Pods.debug.xcconfig */,
				277E22BA829A2166B4679129 /* Pods.release.xcconfig */,
				64CD6C6BBEEF5EBA5E4702E7 /* Pods-KitchenSink.debug.xcconfig */,
				D10621478BD9E68749DD77A3 /* Pods-KitchenSink.release.xcconfig */,
			);
			name = Pods;
			sourceTree = "<group>";
		};
		A9158AFF5A79BE6326DB8A14 /* Frameworks */ = {
			isa = PBXGroup;
			children = (
				87B55BD44833FEC88DC1F273 /* Pods.framework */,
				A779AB3A31B809D134C73D0C /* Pods_KitchenSink.framework */,
			);
			name = Frameworks;
			sourceTree = "<group>";
		};
/* End PBXGroup section */

/* Begin PBXNativeTarget section */
		04AE18211CDAD3D800A8F078 /* KitchenSink */ = {
			isa = PBXNativeTarget;
			buildConfigurationList = 04AE18341CDAD3D800A8F078 /* Build configuration list for PBXNativeTarget "KitchenSink" */;
			buildPhases = (
				DF6EFD13F9B0CB0663775320 /* [CP] Check Pods Manifest.lock */,
				04AE181E1CDAD3D800A8F078 /* Sources */,
				04AE181F1CDAD3D800A8F078 /* Frameworks */,
				04AE18201CDAD3D800A8F078 /* Resources */,
				C67BA3D95E6683C9DCA04CE2 /* [CP] Embed Pods Frameworks */,
				D702690831E3AE770BF4A333 /* [CP] Copy Pods Resources */,
				04DF251D1D1D14DB002390D0 /* ShellScript */,
			);
			buildRules = (
			);
			dependencies = (
			);
			name = KitchenSink;
			productName = KitchenSink;
			productReference = 04AE18221CDAD3D800A8F078 /* KitchenSink.app */;
			productType = "com.apple.product-type.application";
		};
/* End PBXNativeTarget section */

/* Begin PBXProject section */
		04AE181A1CDAD3D800A8F078 /* Project object */ = {
			isa = PBXProject;
			attributes = {
				LastSwiftUpdateCheck = 0730;
				LastUpgradeCheck = 0810;
				ORGANIZATIONNAME = "Cisco Systems, Inc.";
				TargetAttributes = {
					04AE18211CDAD3D800A8F078 = {
						CreatedOnToolsVersion = 7.3;
						DevelopmentTeam = 3K8M2E3L9T;
						LastSwiftMigration = 0820;
					};
				};
			};
			buildConfigurationList = 04AE181D1CDAD3D800A8F078 /* Build configuration list for PBXProject "KitchenSink" */;
			compatibilityVersion = "Xcode 3.2";
			developmentRegion = English;
			hasScannedForEncodings = 0;
			knownRegions = (
				en,
				Base,
			);
			mainGroup = 04AE18191CDAD3D800A8F078;
			productRefGroup = 04AE18231CDAD3D800A8F078 /* Products */;
			projectDirPath = "";
			projectRoot = "";
			targets = (
				04AE18211CDAD3D800A8F078 /* KitchenSink */,
			);
		};
/* End PBXProject section */

/* Begin PBXResourcesBuildPhase section */
		04AE18201CDAD3D800A8F078 /* Resources */ = {
			isa = PBXResourcesBuildPhase;
			buildActionMask = 2147483647;
			files = (
				04AE18301CDAD3D800A8F078 /* LaunchScreen.storyboard in Resources */,
				04AE182D1CDAD3D800A8F078 /* Assets.xcassets in Resources */,
				04AE182B1CDAD3D800A8F078 /* Main.storyboard in Resources */,
			);
			runOnlyForDeploymentPostprocessing = 0;
		};
/* End PBXResourcesBuildPhase section */

/* Begin PBXShellScriptBuildPhase section */
		04DF251D1D1D14DB002390D0 /* ShellScript */ = {
			isa = PBXShellScriptBuildPhase;
			buildActionMask = 2147483647;
			files = (
			);
			inputPaths = (
			);
			outputPaths = (
			);
			runOnlyForDeploymentPostprocessing = 0;
			shellPath = /bin/sh;
			shellScript = "if [ $CONFIGURATION == 'Debug' ]; then\nexit\nfi\n\nAPP_PATH=\"${TARGET_BUILD_DIR}/${WRAPPER_NAME}\"\n\n# This script loops through the frameworks embedded in the application and\n# removes unused architectures.\nfind \"$APP_PATH\" -name '*.framework' -type d | while read -r FRAMEWORK\ndo\nFRAMEWORK_EXECUTABLE_NAME=$(defaults read \"$FRAMEWORK/Info.plist\" CFBundleExecutable)\nFRAMEWORK_EXECUTABLE_PATH=\"$FRAMEWORK/$FRAMEWORK_EXECUTABLE_NAME\"\necho \"Executable is $FRAMEWORK_EXECUTABLE_PATH\"\n\nEXTRACTED_ARCHS=()\n\nfor ARCH in $ARCHS\ndo\necho \"Extracting $ARCH from $FRAMEWORK_EXECUTABLE_NAME\"\nlipo -extract \"$ARCH\" \"$FRAMEWORK_EXECUTABLE_PATH\" -o \"$FRAMEWORK_EXECUTABLE_PATH-$ARCH\"\nEXTRACTED_ARCHS+=(\"$FRAMEWORK_EXECUTABLE_PATH-$ARCH\")\ndone\n\necho \"Merging extracted architectures: ${ARCHS}\"\nlipo -o \"$FRAMEWORK_EXECUTABLE_PATH-merged\" -create \"${EXTRACTED_ARCHS[@]}\"\nrm \"${EXTRACTED_ARCHS[@]}\"\n\necho \"Replacing original executable with thinned version\"\nrm \"$FRAMEWORK_EXECUTABLE_PATH\"\nmv \"$FRAMEWORK_EXECUTABLE_PATH-merged\" \"$FRAMEWORK_EXECUTABLE_PATH\"\n\ndone";
		};
		C67BA3D95E6683C9DCA04CE2 /* [CP] Embed Pods Frameworks */ = {
			isa = PBXShellScriptBuildPhase;
			buildActionMask = 2147483647;
			files = (
			);
			inputPaths = (
			);
			name = "[CP] Embed Pods Frameworks";
			outputPaths = (
			);
			runOnlyForDeploymentPostprocessing = 0;
			shellPath = /bin/sh;
			shellScript = "\"${SRCROOT}/Pods/Target Support Files/Pods-KitchenSink/Pods-KitchenSink-frameworks.sh\"\n";
			showEnvVarsInLog = 0;
		};
		D702690831E3AE770BF4A333 /* [CP] Copy Pods Resources */ = {
			isa = PBXShellScriptBuildPhase;
			buildActionMask = 2147483647;
			files = (
			);
			inputPaths = (
			);
			name = "[CP] Copy Pods Resources";
			outputPaths = (
			);
			runOnlyForDeploymentPostprocessing = 0;
			shellPath = /bin/sh;
			shellScript = "\"${SRCROOT}/Pods/Target Support Files/Pods-KitchenSink/Pods-KitchenSink-resources.sh\"\n";
			showEnvVarsInLog = 0;
		};
		DF6EFD13F9B0CB0663775320 /* [CP] Check Pods Manifest.lock */ = {
			isa = PBXShellScriptBuildPhase;
			buildActionMask = 2147483647;
			files = (
			);
			inputPaths = (
			);
			name = "[CP] Check Pods Manifest.lock";
			outputPaths = (
			);
			runOnlyForDeploymentPostprocessing = 0;
			shellPath = /bin/sh;
			shellScript = "diff \"${PODS_ROOT}/../Podfile.lock\" \"${PODS_ROOT}/Manifest.lock\" > /dev/null\nif [ $? != 0 ] ; then\n    # print error to STDERR\n    echo \"error: The sandbox is not in sync with the Podfile.lock. Run 'pod install' or update your CocoaPods installation.\" >&2\n    exit 1\nfi\n";
			showEnvVarsInLog = 0;
		};
/* End PBXShellScriptBuildPhase section */

/* Begin PBXSourcesBuildPhase section */
		04AE181E1CDAD3D800A8F078 /* Sources */ = {
			isa = PBXSourcesBuildPhase;
			buildActionMask = 2147483647;
			files = (
				0476F5651CEEB69400889801 /* AppFeedbackTableViewController.swift in Sources */,
				042A4A751D12532E002697D3 /* PersonTableViewCell.swift in Sources */,
				C718557E1E8A4AED00ABF181 /* UIKitExtension.swift in Sources */,
				04D9882A1CEDAEBF00C18422 /* CallFeedbackViewController.swift in Sources */,
				04AE18281CDAD3D800A8F078 /* StartViewController.swift in Sources */,
				5A82441E1DF9E5F900481A55 /* JWTLoginViewController.swift in Sources */,
				04419ABA1CE065E0002BAFC2 /* IncomingCallViewController.swift in Sources */,
				0471A25A1CDC5ECD00C6647E /* VideoCallViewController.swift in Sources */,
				0471A25C1CDC655200C6647E /* InitiateCallViewController.swift in Sources */,
				0471A2561CDB429B00C6647E /* HomeTableTableViewController.swift in Sources */,
				3D8194C41D1A73B200D4D4E3 /* IncomingCallDelegate.swift in Sources */,
				04AE18261CDAD3D800A8F078 /* AppDelegate.swift in Sources */,
				C79C450C1E79014A004EF22F /* SparkContext.swift in Sources */,
				048969351CDB34AB008966FA /* VideoAudioSetupViewController.swift in Sources */,
				5D40D3631D17A48C00558921 /* VideoAudioSetup.swift in Sources */,
				0471A25E1CDC6BF600C6647E /* CallToastViewController.swift in Sources */,
				C79C450E1E80CE20004EF22F /* BaseViewController.swift in Sources */,
				0471A2581CDC438300C6647E /* SparkLoginViewController.swift in Sources */,
				042A4A711D114DC8002697D3 /* Utils.swift in Sources */,
			);
			runOnlyForDeploymentPostprocessing = 0;
		};
/* End PBXSourcesBuildPhase section */

/* Begin PBXVariantGroup section */
		04AE18291CDAD3D800A8F078 /* Main.storyboard */ = {
			isa = PBXVariantGroup;
			children = (
				04AE182A1CDAD3D800A8F078 /* Base */,
			);
			name = Main.storyboard;
			sourceTree = "<group>";
		};
		04AE182E1CDAD3D800A8F078 /* LaunchScreen.storyboard */ = {
			isa = PBXVariantGroup;
			children = (
				04AE182F1CDAD3D800A8F078 /* Base */,
			);
			name = LaunchScreen.storyboard;
			sourceTree = "<group>";
		};
/* End PBXVariantGroup section */

/* Begin XCBuildConfiguration section */
		04AE18321CDAD3D800A8F078 /* Debug */ = {
			isa = XCBuildConfiguration;
			buildSettings = {
				ALWAYS_SEARCH_USER_PATHS = NO;
				CLANG_ANALYZER_NONNULL = YES;
				CLANG_CXX_LANGUAGE_STANDARD = "gnu++0x";
				CLANG_CXX_LIBRARY = "libc++";
				CLANG_ENABLE_MODULES = YES;
				CLANG_ENABLE_OBJC_ARC = YES;
				CLANG_WARN_BOOL_CONVERSION = YES;
				CLANG_WARN_CONSTANT_CONVERSION = YES;
				CLANG_WARN_DIRECT_OBJC_ISA_USAGE = YES_ERROR;
				CLANG_WARN_EMPTY_BODY = YES;
				CLANG_WARN_ENUM_CONVERSION = YES;
				CLANG_WARN_INFINITE_RECURSION = YES;
				CLANG_WARN_INT_CONVERSION = YES;
				CLANG_WARN_OBJC_ROOT_CLASS = YES_ERROR;
				CLANG_WARN_SUSPICIOUS_MOVE = YES;
				CLANG_WARN_UNREACHABLE_CODE = YES;
				CLANG_WARN__DUPLICATE_METHOD_MATCH = YES;
				"CODE_SIGN_IDENTITY[sdk=iphoneos*]" = "iPhone Developer";
				COPY_PHASE_STRIP = NO;
				DEBUG_INFORMATION_FORMAT = dwarf;
				ENABLE_STRICT_OBJC_MSGSEND = YES;
				ENABLE_TESTABILITY = YES;
				GCC_C_LANGUAGE_STANDARD = gnu99;
				GCC_DYNAMIC_NO_PIC = NO;
				GCC_NO_COMMON_BLOCKS = YES;
				GCC_OPTIMIZATION_LEVEL = 0;
				GCC_PREPROCESSOR_DEFINITIONS = (
					"DEBUG=1",
					"$(inherited)",
				);
				GCC_WARN_64_TO_32_BIT_CONVERSION = YES;
				GCC_WARN_ABOUT_RETURN_TYPE = YES_ERROR;
				GCC_WARN_UNDECLARED_SELECTOR = YES;
				GCC_WARN_UNINITIALIZED_AUTOS = YES_AGGRESSIVE;
				GCC_WARN_UNUSED_FUNCTION = YES;
				GCC_WARN_UNUSED_VARIABLE = YES;
				IPHONEOS_DEPLOYMENT_TARGET = 9.0;
				MTL_ENABLE_DEBUG_INFO = YES;
				ONLY_ACTIVE_ARCH = YES;
				SDKROOT = iphoneos;
				SWIFT_OPTIMIZATION_LEVEL = "-Onone";
				TARGETED_DEVICE_FAMILY = "1,2";
			};
			name = Debug;
		};
		04AE18331CDAD3D800A8F078 /* Release */ = {
			isa = XCBuildConfiguration;
			buildSettings = {
				ALWAYS_SEARCH_USER_PATHS = NO;
				CLANG_ANALYZER_NONNULL = YES;
				CLANG_CXX_LANGUAGE_STANDARD = "gnu++0x";
				CLANG_CXX_LIBRARY = "libc++";
				CLANG_ENABLE_MODULES = YES;
				CLANG_ENABLE_OBJC_ARC = YES;
				CLANG_WARN_BOOL_CONVERSION = YES;
				CLANG_WARN_CONSTANT_CONVERSION = YES;
				CLANG_WARN_DIRECT_OBJC_ISA_USAGE = YES_ERROR;
				CLANG_WARN_EMPTY_BODY = YES;
				CLANG_WARN_ENUM_CONVERSION = YES;
				CLANG_WARN_INFINITE_RECURSION = YES;
				CLANG_WARN_INT_CONVERSION = YES;
				CLANG_WARN_OBJC_ROOT_CLASS = YES_ERROR;
				CLANG_WARN_SUSPICIOUS_MOVE = YES;
				CLANG_WARN_UNREACHABLE_CODE = YES;
				CLANG_WARN__DUPLICATE_METHOD_MATCH = YES;
				"CODE_SIGN_IDENTITY[sdk=iphoneos*]" = "iPhone Developer";
				COPY_PHASE_STRIP = NO;
				DEBUG_INFORMATION_FORMAT = "dwarf-with-dsym";
				ENABLE_NS_ASSERTIONS = NO;
				ENABLE_STRICT_OBJC_MSGSEND = YES;
				GCC_C_LANGUAGE_STANDARD = gnu99;
				GCC_NO_COMMON_BLOCKS = YES;
				GCC_WARN_64_TO_32_BIT_CONVERSION = YES;
				GCC_WARN_ABOUT_RETURN_TYPE = YES_ERROR;
				GCC_WARN_UNDECLARED_SELECTOR = YES;
				GCC_WARN_UNINITIALIZED_AUTOS = YES_AGGRESSIVE;
				GCC_WARN_UNUSED_FUNCTION = YES;
				GCC_WARN_UNUSED_VARIABLE = YES;
				IPHONEOS_DEPLOYMENT_TARGET = 9.0;
				MTL_ENABLE_DEBUG_INFO = NO;
				SDKROOT = iphoneos;
				SWIFT_OPTIMIZATION_LEVEL = "-Owholemodule";
				TARGETED_DEVICE_FAMILY = "1,2";
				VALIDATE_PRODUCT = YES;
			};
			name = Release;
		};
		04AE18351CDAD3D800A8F078 /* Debug */ = {
			isa = XCBuildConfiguration;
			baseConfigurationReference = 64CD6C6BBEEF5EBA5E4702E7 /* Pods-KitchenSink.debug.xcconfig */;
			buildSettings = {
				ALWAYS_EMBED_SWIFT_STANDARD_LIBRARIES = YES;
				ASSETCATALOG_COMPILER_APPICON_NAME = AppIcon;
				CLANG_ENABLE_MODULES = YES;
				DEVELOPMENT_TEAM = 3K8M2E3L9T;
				INFOPLIST_FILE = KitchenSink/Info.plist;
				LD_RUNPATH_SEARCH_PATHS = "$(inherited) @executable_path/Frameworks";
				PRODUCT_BUNDLE_IDENTIFIER = com.cisco.SparkSDK.KitchenSinkDemo;
				PRODUCT_NAME = "$(TARGET_NAME)";
				SWIFT_OBJC_BRIDGING_HEADER = "";
				SWIFT_OPTIMIZATION_LEVEL = "-Onone";
				SWIFT_VERSION = 3.0;
			};
			name = Debug;
		};
		04AE18361CDAD3D800A8F078 /* Release */ = {
			isa = XCBuildConfiguration;
			baseConfigurationReference = D10621478BD9E68749DD77A3 /* Pods-KitchenSink.release.xcconfig */;
			buildSettings = {
				ALWAYS_EMBED_SWIFT_STANDARD_LIBRARIES = YES;
				ASSETCATALOG_COMPILER_APPICON_NAME = AppIcon;
				CLANG_ENABLE_MODULES = YES;
				DEVELOPMENT_TEAM = 3K8M2E3L9T;
				INFOPLIST_FILE = KitchenSink/Info.plist;
				LD_RUNPATH_SEARCH_PATHS = "$(inherited) @executable_path/Frameworks";
				PRODUCT_BUNDLE_IDENTIFIER = com.cisco.SparkSDK.KitchenSinkDemo;
				PRODUCT_NAME = "$(TARGET_NAME)";
				SWIFT_OBJC_BRIDGING_HEADER = "";
				SWIFT_VERSION = 3.0;
			};
			name = Release;
		};
/* End XCBuildConfiguration section */

/* Begin XCConfigurationList section */
		04AE181D1CDAD3D800A8F078 /* Build configuration list for PBXProject "KitchenSink" */ = {
			isa = XCConfigurationList;
			buildConfigurations = (
				04AE18321CDAD3D800A8F078 /* Debug */,
				04AE18331CDAD3D800A8F078 /* Release */,
			);
			defaultConfigurationIsVisible = 0;
			defaultConfigurationName = Release;
		};
		04AE18341CDAD3D800A8F078 /* Build configuration list for PBXNativeTarget "KitchenSink" */ = {
			isa = XCConfigurationList;
			buildConfigurations = (
				04AE18351CDAD3D800A8F078 /* Debug */,
				04AE18361CDAD3D800A8F078 /* Release */,
			);
			defaultConfigurationIsVisible = 0;
			defaultConfigurationName = Release;
		};
/* End XCConfigurationList section */
	};
	rootObject = 04AE181A1CDAD3D800A8F078 /* Project object */;
}
